// !$*UTF8*$!
{
	archiveVersion = 1;
	classes = {
	};
	objectVersion = 50;
	objects = {

/* Begin PBXBuildFile section */
		7E461124240E4E740040F5FA /* ConversationCellView.xib in Resources */ = {isa = PBXBuildFile; fileRef = 7E461123240E4E740040F5FA /* ConversationCellView.xib */; };
		7E461126240E4E860040F5FA /* ConversationCell.swift in Sources */ = {isa = PBXBuildFile; fileRef = 7E461125240E4E860040F5FA /* ConversationCell.swift */; };
		7E461129240EB1C60040F5FA /* CellModels.swift in Sources */ = {isa = PBXBuildFile; fileRef = 7E461128240EB1C60040F5FA /* CellModels.swift */; };
		7E46112B241695980040F5FA /* ConversationViewController.swift in Sources */ = {isa = PBXBuildFile; fileRef = 7E46112A241695970040F5FA /* ConversationViewController.swift */; };
		7E46112E2416A8050040F5FA /* IncomeMessageCell.swift in Sources */ = {isa = PBXBuildFile; fileRef = 7E46112C2416A8050040F5FA /* IncomeMessageCell.swift */; };
		7E46112F2416A8050040F5FA /* IncomeMessageCellView.xib in Resources */ = {isa = PBXBuildFile; fileRef = 7E46112D2416A8050040F5FA /* IncomeMessageCellView.xib */; };
		7E4611312416BD0D0040F5FA /* OutcomeMessageCellView.xib in Resources */ = {isa = PBXBuildFile; fileRef = 7E4611302416BD0D0040F5FA /* OutcomeMessageCellView.xib */; };
		7E4611332416D0500040F5FA /* OutcomeMessageCell.swift in Sources */ = {isa = PBXBuildFile; fileRef = 7E4611322416D0500040F5FA /* OutcomeMessageCell.swift */; };
		7E5D0DED2402D088004B24D0 /* ProfileViewController.swift in Sources */ = {isa = PBXBuildFile; fileRef = 7E5D0DEC2402D088004B24D0 /* ProfileViewController.swift */; };
		7ED2709E23F6D637005E89D2 /* AppDelegate.swift in Sources */ = {isa = PBXBuildFile; fileRef = 7ED2709D23F6D637005E89D2 /* AppDelegate.swift */; };
		7ED270A223F6D637005E89D2 /* ConversationsListViewController.swift in Sources */ = {isa = PBXBuildFile; fileRef = 7ED270A123F6D637005E89D2 /* ConversationsListViewController.swift */; };
		7ED270A523F6D637005E89D2 /* Main.storyboard in Resources */ = {isa = PBXBuildFile; fileRef = 7ED270A323F6D637005E89D2 /* Main.storyboard */; };
		7ED270A723F6D639005E89D2 /* Assets.xcassets in Resources */ = {isa = PBXBuildFile; fileRef = 7ED270A623F6D639005E89D2 /* Assets.xcassets */; };
		7ED270AA23F6D639005E89D2 /* LaunchScreen.storyboard in Resources */ = {isa = PBXBuildFile; fileRef = 7ED270A823F6D639005E89D2 /* LaunchScreen.storyboard */; };
/* End PBXBuildFile section */

/* Begin PBXFileReference section */
		7E461123240E4E740040F5FA /* ConversationCellView.xib */ = {isa = PBXFileReference; lastKnownFileType = file.xib; path = ConversationCellView.xib; sourceTree = "<group>"; };
		7E461125240E4E860040F5FA /* ConversationCell.swift */ = {isa = PBXFileReference; lastKnownFileType = sourcecode.swift; path = ConversationCell.swift; sourceTree = "<group>"; };
		7E461128240EB1C60040F5FA /* CellModels.swift */ = {isa = PBXFileReference; lastKnownFileType = sourcecode.swift; path = CellModels.swift; sourceTree = "<group>"; };
		7E46112A241695970040F5FA /* ConversationViewController.swift */ = {isa = PBXFileReference; lastKnownFileType = sourcecode.swift; path = ConversationViewController.swift; sourceTree = "<group>"; };
		7E46112C2416A8050040F5FA /* IncomeMessageCell.swift */ = {isa = PBXFileReference; lastKnownFileType = sourcecode.swift; path = IncomeMessageCell.swift; sourceTree = "<group>"; };
		7E46112D2416A8050040F5FA /* IncomeMessageCellView.xib */ = {isa = PBXFileReference; lastKnownFileType = file.xib; path = IncomeMessageCellView.xib; sourceTree = "<group>"; };
		7E4611302416BD0D0040F5FA /* OutcomeMessageCellView.xib */ = {isa = PBXFileReference; lastKnownFileType = file.xib; path = OutcomeMessageCellView.xib; sourceTree = "<group>"; };
		7E4611322416D0500040F5FA /* OutcomeMessageCell.swift */ = {isa = PBXFileReference; lastKnownFileType = sourcecode.swift; path = OutcomeMessageCell.swift; sourceTree = "<group>"; };
		7E5D0DEC2402D088004B24D0 /* ProfileViewController.swift */ = {isa = PBXFileReference; lastKnownFileType = sourcecode.swift; path = ProfileViewController.swift; sourceTree = "<group>"; };
		7ED2709A23F6D637005E89D2 /* TFS-Chat.app */ = {isa = PBXFileReference; explicitFileType = wrapper.application; includeInIndex = 0; path = "TFS-Chat.app"; sourceTree = BUILT_PRODUCTS_DIR; };
		7ED2709D23F6D637005E89D2 /* AppDelegate.swift */ = {isa = PBXFileReference; lastKnownFileType = sourcecode.swift; path = AppDelegate.swift; sourceTree = "<group>"; };
		7ED270A123F6D637005E89D2 /* ConversationsListViewController.swift */ = {isa = PBXFileReference; lastKnownFileType = sourcecode.swift; path = ConversationsListViewController.swift; sourceTree = "<group>"; };
		7ED270A423F6D637005E89D2 /* Base */ = {isa = PBXFileReference; lastKnownFileType = file.storyboard; name = Base; path = Base.lproj/Main.storyboard; sourceTree = "<group>"; };
		7ED270A623F6D639005E89D2 /* Assets.xcassets */ = {isa = PBXFileReference; lastKnownFileType = folder.assetcatalog; path = Assets.xcassets; sourceTree = "<group>"; };
		7ED270A923F6D639005E89D2 /* Base */ = {isa = PBXFileReference; lastKnownFileType = file.storyboard; name = Base; path = Base.lproj/LaunchScreen.storyboard; sourceTree = "<group>"; };
		7ED270AB23F6D639005E89D2 /* Info.plist */ = {isa = PBXFileReference; lastKnownFileType = text.plist.xml; path = Info.plist; sourceTree = "<group>"; };
/* End PBXFileReference section */

/* Begin PBXFrameworksBuildPhase section */
		7ED2709723F6D637005E89D2 /* Frameworks */ = {
			isa = PBXFrameworksBuildPhase;
			buildActionMask = 2147483647;
			files = (
			);
			runOnlyForDeploymentPostprocessing = 0;
		};
/* End PBXFrameworksBuildPhase section */

/* Begin PBXGroup section */
		7ED2709123F6D637005E89D2 = {
			isa = PBXGroup;
			children = (
				7ED2709C23F6D637005E89D2 /* TFS-Chat */,
				7ED2709B23F6D637005E89D2 /* Products */,
			);
			sourceTree = "<group>";
		};
		7ED2709B23F6D637005E89D2 /* Products */ = {
			isa = PBXGroup;
			children = (
				7ED2709A23F6D637005E89D2 /* TFS-Chat.app */,
			);
			name = Products;
			sourceTree = "<group>";
		};
		7ED2709C23F6D637005E89D2 /* TFS-Chat */ = {
			isa = PBXGroup;
			children = (
				7ED2709D23F6D637005E89D2 /* AppDelegate.swift */,
				7ED270A123F6D637005E89D2 /* ConversationsListViewController.swift */,
				7ED270A323F6D637005E89D2 /* Main.storyboard */,
				7ED270A623F6D639005E89D2 /* Assets.xcassets */,
				7ED270A823F6D639005E89D2 /* LaunchScreen.storyboard */,
				7ED270AB23F6D639005E89D2 /* Info.plist */,
				7E5D0DEC2402D088004B24D0 /* ProfileViewController.swift */,
				7E461123240E4E740040F5FA /* ConversationCellView.xib */,
				7E461125240E4E860040F5FA /* ConversationCell.swift */,
				7E461128240EB1C60040F5FA /* CellModels.swift */,
				7E46112A241695970040F5FA /* ConversationViewController.swift */,
				7E46112C2416A8050040F5FA /* IncomeMessageCell.swift */,
				7E46112D2416A8050040F5FA /* IncomeMessageCellView.xib */,
				7E4611302416BD0D0040F5FA /* OutcomeMessageCellView.xib */,
				7E4611322416D0500040F5FA /* OutcomeMessageCell.swift */,
			);
			path = "TFS-Chat";
			sourceTree = "<group>";
		};
/* End PBXGroup section */

/* Begin PBXNativeTarget section */
		7ED2709923F6D637005E89D2 /* TFS-Chat */ = {
			isa = PBXNativeTarget;
			buildConfigurationList = 7ED270B923F6D639005E89D2 /* Build configuration list for PBXNativeTarget "TFS-Chat" */;
			buildPhases = (
				7ED2709623F6D637005E89D2 /* Sources */,
				7ED2709723F6D637005E89D2 /* Frameworks */,
				7ED2709823F6D637005E89D2 /* Resources */,
			);
			buildRules = (
			);
			dependencies = (
			);
			name = "TFS-Chat";
			productName = "Lifecycle Logger";
			productReference = 7ED2709A23F6D637005E89D2 /* TFS-Chat.app */;
			productType = "com.apple.product-type.application";
		};
/* End PBXNativeTarget section */

/* Begin PBXProject section */
		7ED2709223F6D637005E89D2 /* Project object */ = {
			isa = PBXProject;
			attributes = {
				LastSwiftUpdateCheck = 1130;
				LastUpgradeCheck = 1130;
				ORGANIZATIONNAME = a.kramerov;
				TargetAttributes = {
					7ED2709923F6D637005E89D2 = {
						CreatedOnToolsVersion = 11.3.1;
					};
				};
			};
			buildConfigurationList = 7ED2709523F6D637005E89D2 /* Build configuration list for PBXProject "TFS-Chat" */;
			compatibilityVersion = "Xcode 9.3";
			developmentRegion = en;
			hasScannedForEncodings = 0;
			knownRegions = (
				en,
				Base,
			);
			mainGroup = 7ED2709123F6D637005E89D2;
			productRefGroup = 7ED2709B23F6D637005E89D2 /* Products */;
			projectDirPath = "";
			projectRoot = "";
			targets = (
				7ED2709923F6D637005E89D2 /* TFS-Chat */,
			);
		};
/* End PBXProject section */

/* Begin PBXResourcesBuildPhase section */
		7ED2709823F6D637005E89D2 /* Resources */ = {
			isa = PBXResourcesBuildPhase;
			buildActionMask = 2147483647;
			files = (
				7ED270AA23F6D639005E89D2 /* LaunchScreen.storyboard in Resources */,
				7E4611312416BD0D0040F5FA /* OutcomeMessageCellView.xib in Resources */,
				7ED270A723F6D639005E89D2 /* Assets.xcassets in Resources */,
				7ED270A523F6D637005E89D2 /* Main.storyboard in Resources */,
				7E461124240E4E740040F5FA /* ConversationCellView.xib in Resources */,
				7E46112F2416A8050040F5FA /* IncomeMessageCellView.xib in Resources */,
			);
			runOnlyForDeploymentPostprocessing = 0;
		};
/* End PBXResourcesBuildPhase section */

/* Begin PBXSourcesBuildPhase section */
		7ED2709623F6D637005E89D2 /* Sources */ = {
			isa = PBXSourcesBuildPhase;
			buildActionMask = 2147483647;
			files = (
				7E461126240E4E860040F5FA /* ConversationCell.swift in Sources */,
				7E46112E2416A8050040F5FA /* IncomeMessageCell.swift in Sources */,
				7E5D0DED2402D088004B24D0 /* ProfileViewController.swift in Sources */,
				7E46112B241695980040F5FA /* ConversationViewController.swift in Sources */,
				7E4611332416D0500040F5FA /* OutcomeMessageCell.swift in Sources */,
				7ED270A223F6D637005E89D2 /* ConversationsListViewController.swift in Sources */,
				7E461129240EB1C60040F5FA /* CellModels.swift in Sources */,
				7ED2709E23F6D637005E89D2 /* AppDelegate.swift in Sources */,
			);
			runOnlyForDeploymentPostprocessing = 0;
		};
/* End PBXSourcesBuildPhase section */

/* Begin PBXVariantGroup section */
		7ED270A323F6D637005E89D2 /* Main.storyboard */ = {
			isa = PBXVariantGroup;
			children = (
				7ED270A423F6D637005E89D2 /* Base */,
			);
			name = Main.storyboard;
			sourceTree = "<group>";
		};
		7ED270A823F6D639005E89D2 /* LaunchScreen.storyboard */ = {
			isa = PBXVariantGroup;
			children = (
				7ED270A923F6D639005E89D2 /* Base */,
			);
			name = LaunchScreen.storyboard;
			sourceTree = "<group>";
		};
/* End PBXVariantGroup section */

/* Begin XCBuildConfiguration section */
		7ED270B723F6D639005E89D2 /* Debug */ = {
			isa = XCBuildConfiguration;
			buildSettings = {
				ALWAYS_SEARCH_USER_PATHS = NO;
				CLANG_ANALYZER_NONNULL = YES;
				CLANG_ANALYZER_NUMBER_OBJECT_CONVERSION = YES_AGGRESSIVE;
				CLANG_CXX_LANGUAGE_STANDARD = "gnu++14";
				CLANG_CXX_LIBRARY = "libc++";
				CLANG_ENABLE_MODULES = YES;
				CLANG_ENABLE_OBJC_ARC = YES;
				CLANG_ENABLE_OBJC_WEAK = YES;
				CLANG_WARN_BLOCK_CAPTURE_AUTORELEASING = YES;
				CLANG_WARN_BOOL_CONVERSION = YES;
				CLANG_WARN_COMMA = YES;
				CLANG_WARN_CONSTANT_CONVERSION = YES;
				CLANG_WARN_DEPRECATED_OBJC_IMPLEMENTATIONS = YES;
				CLANG_WARN_DIRECT_OBJC_ISA_USAGE = YES_ERROR;
				CLANG_WARN_DOCUMENTATION_COMMENTS = YES;
				CLANG_WARN_EMPTY_BODY = YES;
				CLANG_WARN_ENUM_CONVERSION = YES;
				CLANG_WARN_INFINITE_RECURSION = YES;
				CLANG_WARN_INT_CONVERSION = YES;
				CLANG_WARN_NON_LITERAL_NULL_CONVERSION = YES;
				CLANG_WARN_OBJC_IMPLICIT_RETAIN_SELF = YES;
				CLANG_WARN_OBJC_LITERAL_CONVERSION = YES;
				CLANG_WARN_OBJC_ROOT_CLASS = YES_ERROR;
				CLANG_WARN_RANGE_LOOP_ANALYSIS = YES;
				CLANG_WARN_STRICT_PROTOTYPES = YES;
				CLANG_WARN_SUSPICIOUS_MOVE = YES;
				CLANG_WARN_UNGUARDED_AVAILABILITY = YES_AGGRESSIVE;
				CLANG_WARN_UNREACHABLE_CODE = YES;
				CLANG_WARN__DUPLICATE_METHOD_MATCH = YES;
				COPY_PHASE_STRIP = NO;
				DEBUG_INFORMATION_FORMAT = dwarf;
				ENABLE_STRICT_OBJC_MSGSEND = YES;
				ENABLE_TESTABILITY = YES;
				GCC_C_LANGUAGE_STANDARD = gnu11;
				GCC_DYNAMIC_NO_PIC = NO;
				GCC_NO_COMMON_BLOCKS = YES;
				GCC_OPTIMIZATION_LEVEL = 0;
				GCC_PREPROCESSOR_DEFINITIONS = (
					"DEBUG=1",
					"$(inherited)",
				);
				GCC_WARN_64_TO_32_BIT_CONVERSION = YES;
				GCC_WARN_ABOUT_RETURN_TYPE = YES_ERROR;
				GCC_WARN_UNDECLARED_SELECTOR = YES;
				GCC_WARN_UNINITIALIZED_AUTOS = YES_AGGRESSIVE;
				GCC_WARN_UNUSED_FUNCTION = YES;
				GCC_WARN_UNUSED_VARIABLE = YES;
				IPHONEOS_DEPLOYMENT_TARGET = 11.0;
				MTL_ENABLE_DEBUG_INFO = INCLUDE_SOURCE;
				MTL_FAST_MATH = YES;
				ONLY_ACTIVE_ARCH = YES;
				SDKROOT = iphoneos;
				SWIFT_ACTIVE_COMPILATION_CONDITIONS = DEBUG;
				SWIFT_OPTIMIZATION_LEVEL = "-Onone";
			};
			name = Debug;
		};
		7ED270B823F6D639005E89D2 /* Release */ = {
			isa = XCBuildConfiguration;
			buildSettings = {
				ALWAYS_SEARCH_USER_PATHS = NO;
				CLANG_ANALYZER_NONNULL = YES;
				CLANG_ANALYZER_NUMBER_OBJECT_CONVERSION = YES_AGGRESSIVE;
				CLANG_CXX_LANGUAGE_STANDARD = "gnu++14";
				CLANG_CXX_LIBRARY = "libc++";
				CLANG_ENABLE_MODULES = YES;
				CLANG_ENABLE_OBJC_ARC = YES;
				CLANG_ENABLE_OBJC_WEAK = YES;
				CLANG_WARN_BLOCK_CAPTURE_AUTORELEASING = YES;
				CLANG_WARN_BOOL_CONVERSION = YES;
				CLANG_WARN_COMMA = YES;
				CLANG_WARN_CONSTANT_CONVERSION = YES;
				CLANG_WARN_DEPRECATED_OBJC_IMPLEMENTATIONS = YES;
				CLANG_WARN_DIRECT_OBJC_ISA_USAGE = YES_ERROR;
				CLANG_WARN_DOCUMENTATION_COMMENTS = YES;
				CLANG_WARN_EMPTY_BODY = YES;
				CLANG_WARN_ENUM_CONVERSION = YES;
				CLANG_WARN_INFINITE_RECURSION = YES;
				CLANG_WARN_INT_CONVERSION = YES;
				CLANG_WARN_NON_LITERAL_NULL_CONVERSION = YES;
				CLANG_WARN_OBJC_IMPLICIT_RETAIN_SELF = YES;
				CLANG_WARN_OBJC_LITERAL_CONVERSION = YES;
				CLANG_WARN_OBJC_ROOT_CLASS = YES_ERROR;
				CLANG_WARN_RANGE_LOOP_ANALYSIS = YES;
				CLANG_WARN_STRICT_PROTOTYPES = YES;
				CLANG_WARN_SUSPICIOUS_MOVE = YES;
				CLANG_WARN_UNGUARDED_AVAILABILITY = YES_AGGRESSIVE;
				CLANG_WARN_UNREACHABLE_CODE = YES;
				CLANG_WARN__DUPLICATE_METHOD_MATCH = YES;
				COPY_PHASE_STRIP = NO;
				DEBUG_INFORMATION_FORMAT = "dwarf-with-dsym";
				ENABLE_NS_ASSERTIONS = NO;
				ENABLE_STRICT_OBJC_MSGSEND = YES;
				GCC_C_LANGUAGE_STANDARD = gnu11;
				GCC_NO_COMMON_BLOCKS = YES;
				GCC_WARN_64_TO_32_BIT_CONVERSION = YES;
				GCC_WARN_ABOUT_RETURN_TYPE = YES_ERROR;
				GCC_WARN_UNDECLARED_SELECTOR = YES;
				GCC_WARN_UNINITIALIZED_AUTOS = YES_AGGRESSIVE;
				GCC_WARN_UNUSED_FUNCTION = YES;
				GCC_WARN_UNUSED_VARIABLE = YES;
				IPHONEOS_DEPLOYMENT_TARGET = 11.0;
				MTL_ENABLE_DEBUG_INFO = NO;
				MTL_FAST_MATH = YES;
				SDKROOT = iphoneos;
				SWIFT_COMPILATION_MODE = wholemodule;
				SWIFT_OPTIMIZATION_LEVEL = "-O";
				VALIDATE_PRODUCT = YES;
			};
			name = Release;
		};
		7ED270BA23F6D639005E89D2 /* Debug */ = {
			isa = XCBuildConfiguration;
			buildSettings = {
				ASSETCATALOG_COMPILER_APPICON_NAME = "AppIcon-1";
				CODE_SIGN_STYLE = Automatic;
				DEVELOPMENT_TEAM = R7848UQT59;
				EMBED_ASSET_PACKS_IN_PRODUCT_BUNDLE = NO;
				INFOPLIST_FILE = "TFS-Chat/Info.plist";
				IPHONEOS_DEPLOYMENT_TARGET = 11.0;
				LD_RUNPATH_SEARCH_PATHS = (
					"$(inherited)",
					"@executable_path/Frameworks",
				);
				"OTHER_SWIFT_FLAGS[arch=*]" = "\"-DDEBUG\"";
				PRODUCT_BUNDLE_IDENTIFIER = "a.kramerov.TFS-ChatDebug";
				PRODUCT_NAME = "$(TARGET_NAME)";
				SWIFT_VERSION = 5.0;
				TARGETED_DEVICE_FAMILY = 1;
			};
			name = Debug;
		};
		7ED270BB23F6D639005E89D2 /* Release */ = {
			isa = XCBuildConfiguration;
			buildSettings = {
				ASSETCATALOG_COMPILER_APPICON_NAME = AppIcon;
				CODE_SIGN_STYLE = Automatic;
				DEVELOPMENT_TEAM = R7848UQT59;
				EMBED_ASSET_PACKS_IN_PRODUCT_BUNDLE = NO;
				INFOPLIST_FILE = "TFS-Chat/Info.plist";
				IPHONEOS_DEPLOYMENT_TARGET = 11.0;
				LD_RUNPATH_SEARCH_PATHS = (
					"$(inherited)",
					"@executable_path/Frameworks",
				);
				PRODUCT_BUNDLE_IDENTIFIER = "a.kramerov.TFS-ChatRelease";
				PRODUCT_NAME = "$(TARGET_NAME)";
				SWIFT_VERSION = 5.0;
				TARGETED_DEVICE_FAMILY = 1;
			};
			name = Release;
		};
/* End XCBuildConfiguration section */

/* Begin XCConfigurationList section */
		7ED2709523F6D637005E89D2 /* Build configuration list for PBXProject "TFS-Chat" */ = {
			isa = XCConfigurationList;
			buildConfigurations = (
				7ED270B723F6D639005E89D2 /* Debug */,
				7ED270B823F6D639005E89D2 /* Release */,
			);
			defaultConfigurationIsVisible = 0;
			defaultConfigurationName = Debug;
		};
		7ED270B923F6D639005E89D2 /* Build configuration list for PBXNativeTarget "TFS-Chat" */ = {
			isa = XCConfigurationList;
			buildConfigurations = (
				7ED270BA23F6D639005E89D2 /* Debug */,
				7ED270BB23F6D639005E89D2 /* Release */,
			);
			defaultConfigurationIsVisible = 0;
			defaultConfigurationName = Debug;
		};
/* End XCConfigurationList section */
	};
	rootObject = 7ED2709223F6D637005E89D2 /* Project object */;
}
